// !$*UTF8*$!
{
	archiveVersion = 1;
	classes = {
	};
	objectVersion = 56;
	objects = {

/* Begin PBXBuildFile section */
		FE0CBCB02B602A51005AA891 /* AfricaApp.swift in Sources */ = {isa = PBXBuildFile; fileRef = FE0CBCAF2B602A51005AA891 /* AfricaApp.swift */; };
		FE0CBCB22B602A51005AA891 /* ContentView.swift in Sources */ = {isa = PBXBuildFile; fileRef = FE0CBCB12B602A51005AA891 /* ContentView.swift */; };
		FE0CBCB42B602A53005AA891 /* Assets.xcassets in Resources */ = {isa = PBXBuildFile; fileRef = FE0CBCB32B602A53005AA891 /* Assets.xcassets */; };
		FE0CBCB72B602A53005AA891 /* Preview Assets.xcassets in Resources */ = {isa = PBXBuildFile; fileRef = FE0CBCB62B602A53005AA891 /* Preview Assets.xcassets */; };
		FE0CBCC82B602C3F005AA891 /* elephant.mp4 in Resources */ = {isa = PBXBuildFile; fileRef = FE0CBCBE2B602C3D005AA891 /* elephant.mp4 */; };
		FE0CBCC92B602C3F005AA891 /* hippo.mp4 in Resources */ = {isa = PBXBuildFile; fileRef = FE0CBCBF2B602C3E005AA891 /* hippo.mp4 */; };
		FE0CBCCA2B602C3F005AA891 /* giraffe.mp4 in Resources */ = {isa = PBXBuildFile; fileRef = FE0CBCC02B602C3E005AA891 /* giraffe.mp4 */; };
		FE0CBCCB2B602C3F005AA891 /* lion.mp4 in Resources */ = {isa = PBXBuildFile; fileRef = FE0CBCC12B602C3E005AA891 /* lion.mp4 */; };
		FE0CBCCC2B602C3F005AA891 /* lioness.mp4 in Resources */ = {isa = PBXBuildFile; fileRef = FE0CBCC22B602C3E005AA891 /* lioness.mp4 */; };
		FE0CBCCD2B602C3F005AA891 /* rhino.mp4 in Resources */ = {isa = PBXBuildFile; fileRef = FE0CBCC32B602C3E005AA891 /* rhino.mp4 */; };
		FE0CBCCE2B602C3F005AA891 /* cheetah.mp4 in Resources */ = {isa = PBXBuildFile; fileRef = FE0CBCC42B602C3E005AA891 /* cheetah.mp4 */; };
		FE0CBCCF2B602C3F005AA891 /* gorilla.mp4 in Resources */ = {isa = PBXBuildFile; fileRef = FE0CBCC52B602C3F005AA891 /* gorilla.mp4 */; };
		FE0CBCD02B602C3F005AA891 /* zebra.mp4 in Resources */ = {isa = PBXBuildFile; fileRef = FE0CBCC62B602C3F005AA891 /* zebra.mp4 */; };
		FE0CBCD12B602C3F005AA891 /* ostrich.mp4 in Resources */ = {isa = PBXBuildFile; fileRef = FE0CBCC72B602C3F005AA891 /* ostrich.mp4 */; };
		FE0CBCD72B602C79005AA891 /* locations.json in Resources */ = {isa = PBXBuildFile; fileRef = FE0CBCD32B602C79005AA891 /* locations.json */; };
		FE0CBCD82B602C79005AA891 /* covers.json in Resources */ = {isa = PBXBuildFile; fileRef = FE0CBCD42B602C79005AA891 /* covers.json */; };
		FE0CBCD92B602C79005AA891 /* videos.json in Resources */ = {isa = PBXBuildFile; fileRef = FE0CBCD52B602C79005AA891 /* videos.json */; };
		FE0CBCDA2B602C79005AA891 /* animals.json in Resources */ = {isa = PBXBuildFile; fileRef = FE0CBCD62B602C79005AA891 /* animals.json */; };
		FE0CBCE02B602E73005AA891 /* VideoListView.swift in Sources */ = {isa = PBXBuildFile; fileRef = FE0CBCDF2B602E73005AA891 /* VideoListView.swift */; };
		FE0CBCE22B602E90005AA891 /* MapView.swift in Sources */ = {isa = PBXBuildFile; fileRef = FE0CBCE12B602E90005AA891 /* MapView.swift */; };
		FE0CBCE42B602EA0005AA891 /* GalleryView.swift in Sources */ = {isa = PBXBuildFile; fileRef = FE0CBCE32B602EA0005AA891 /* GalleryView.swift */; };
		FE0CBCE62B602EA9005AA891 /* MainView.swift in Sources */ = {isa = PBXBuildFile; fileRef = FE0CBCE52B602EA9005AA891 /* MainView.swift */; };
/* End PBXBuildFile section */

/* Begin PBXFileReference section */
		FE0CBCAC2B602A51005AA891 /* Africa.app */ = {isa = PBXFileReference; explicitFileType = wrapper.application; includeInIndex = 0; path = Africa.app; sourceTree = BUILT_PRODUCTS_DIR; };
		FE0CBCAF2B602A51005AA891 /* AfricaApp.swift */ = {isa = PBXFileReference; lastKnownFileType = sourcecode.swift; path = AfricaApp.swift; sourceTree = "<group>"; };
		FE0CBCB12B602A51005AA891 /* ContentView.swift */ = {isa = PBXFileReference; lastKnownFileType = sourcecode.swift; path = ContentView.swift; sourceTree = "<group>"; };
		FE0CBCB32B602A53005AA891 /* Assets.xcassets */ = {isa = PBXFileReference; lastKnownFileType = folder.assetcatalog; path = Assets.xcassets; sourceTree = "<group>"; };
		FE0CBCB62B602A53005AA891 /* Preview Assets.xcassets */ = {isa = PBXFileReference; lastKnownFileType = folder.assetcatalog; path = "Preview Assets.xcassets"; sourceTree = "<group>"; };
		FE0CBCBE2B602C3D005AA891 /* elephant.mp4 */ = {isa = PBXFileReference; lastKnownFileType = file; path = elephant.mp4; sourceTree = "<group>"; };
		FE0CBCBF2B602C3E005AA891 /* hippo.mp4 */ = {isa = PBXFileReference; lastKnownFileType = file; path = hippo.mp4; sourceTree = "<group>"; };
		FE0CBCC02B602C3E005AA891 /* giraffe.mp4 */ = {isa = PBXFileReference; lastKnownFileType = file; path = giraffe.mp4; sourceTree = "<group>"; };
		FE0CBCC12B602C3E005AA891 /* lion.mp4 */ = {isa = PBXFileReference; lastKnownFileType = file; path = lion.mp4; sourceTree = "<group>"; };
		FE0CBCC22B602C3E005AA891 /* lioness.mp4 */ = {isa = PBXFileReference; lastKnownFileType = file; path = lioness.mp4; sourceTree = "<group>"; };
		FE0CBCC32B602C3E005AA891 /* rhino.mp4 */ = {isa = PBXFileReference; lastKnownFileType = file; path = rhino.mp4; sourceTree = "<group>"; };
		FE0CBCC42B602C3E005AA891 /* cheetah.mp4 */ = {isa = PBXFileReference; lastKnownFileType = file; path = cheetah.mp4; sourceTree = "<group>"; };
		FE0CBCC52B602C3F005AA891 /* gorilla.mp4 */ = {isa = PBXFileReference; lastKnownFileType = file; path = gorilla.mp4; sourceTree = "<group>"; };
		FE0CBCC62B602C3F005AA891 /* zebra.mp4 */ = {isa = PBXFileReference; lastKnownFileType = file; path = zebra.mp4; sourceTree = "<group>"; };
		FE0CBCC72B602C3F005AA891 /* ostrich.mp4 */ = {isa = PBXFileReference; lastKnownFileType = file; path = ostrich.mp4; sourceTree = "<group>"; };
		FE0CBCD32B602C79005AA891 /* locations.json */ = {isa = PBXFileReference; fileEncoding = 4; lastKnownFileType = text.json; path = locations.json; sourceTree = "<group>"; };
		FE0CBCD42B602C79005AA891 /* covers.json */ = {isa = PBXFileReference; fileEncoding = 4; lastKnownFileType = text.json; path = covers.json; sourceTree = "<group>"; };
		FE0CBCD52B602C79005AA891 /* videos.json */ = {isa = PBXFileReference; fileEncoding = 4; lastKnownFileType = text.json; path = videos.json; sourceTree = "<group>"; };
		FE0CBCD62B602C79005AA891 /* animals.json */ = {isa = PBXFileReference; fileEncoding = 4; lastKnownFileType = text.json; path = animals.json; sourceTree = "<group>"; };
		FE0CBCDB2B602D5C005AA891 /* Info.plist */ = {isa = PBXFileReference; lastKnownFileType = text.plist; path = Info.plist; sourceTree = "<group>"; };
		FE0CBCDF2B602E73005AA891 /* VideoListView.swift */ = {isa = PBXFileReference; lastKnownFileType = sourcecode.swift; path = VideoListView.swift; sourceTree = "<group>"; };
		FE0CBCE12B602E90005AA891 /* MapView.swift */ = {isa = PBXFileReference; lastKnownFileType = sourcecode.swift; path = MapView.swift; sourceTree = "<group>"; };
		FE0CBCE32B602EA0005AA891 /* GalleryView.swift */ = {isa = PBXFileReference; lastKnownFileType = sourcecode.swift; path = GalleryView.swift; sourceTree = "<group>"; };
		FE0CBCE52B602EA9005AA891 /* MainView.swift */ = {isa = PBXFileReference; lastKnownFileType = sourcecode.swift; path = MainView.swift; sourceTree = "<group>"; };
/* End PBXFileReference section */

/* Begin PBXFrameworksBuildPhase section */
		FE0CBCA92B602A51005AA891 /* Frameworks */ = {
			isa = PBXFrameworksBuildPhase;
			buildActionMask = 2147483647;
			files = (
			);
			runOnlyForDeploymentPostprocessing = 0;
		};
/* End PBXFrameworksBuildPhase section */

/* Begin PBXGroup section */
		FE0CBCA32B602A51005AA891 = {
			isa = PBXGroup;
			children = (
				FE0CBCAE2B602A51005AA891 /* Africa */,
				FE0CBCAD2B602A51005AA891 /* Products */,
			);
			sourceTree = "<group>";
		};
		FE0CBCAD2B602A51005AA891 /* Products */ = {
			isa = PBXGroup;
			children = (
				FE0CBCAC2B602A51005AA891 /* Africa.app */,
			);
			name = Products;
			sourceTree = "<group>";
		};
		FE0CBCAE2B602A51005AA891 /* Africa */ = {
			isa = PBXGroup;
			children = (
				FE0CBCDB2B602D5C005AA891 /* Info.plist */,
				FE0CBCD22B602C67005AA891 /* Data */,
				FE0CBCBD2B602C17005AA891 /* Video */,
				FE0CBCDC2B602E0A005AA891 /* App */,
				FE0CBCB32B602A53005AA891 /* Assets.xcassets */,
				FE0CBCB52B602A53005AA891 /* Preview Content */,
			);
			path = Africa;
			sourceTree = "<group>";
		};
		FE0CBCB52B602A53005AA891 /* Preview Content */ = {
			isa = PBXGroup;
			children = (
				FE0CBCB62B602A53005AA891 /* Preview Assets.xcassets */,
			);
			path = "Preview Content";
			sourceTree = "<group>";
		};
		FE0CBCBD2B602C17005AA891 /* Video */ = {
			isa = PBXGroup;
			children = (
				FE0CBCC42B602C3E005AA891 /* cheetah.mp4 */,
				FE0CBCBE2B602C3D005AA891 /* elephant.mp4 */,
				FE0CBCC02B602C3E005AA891 /* giraffe.mp4 */,
				FE0CBCC52B602C3F005AA891 /* gorilla.mp4 */,
				FE0CBCBF2B602C3E005AA891 /* hippo.mp4 */,
				FE0CBCC12B602C3E005AA891 /* lion.mp4 */,
				FE0CBCC22B602C3E005AA891 /* lioness.mp4 */,
				FE0CBCC72B602C3F005AA891 /* ostrich.mp4 */,
				FE0CBCC32B602C3E005AA891 /* rhino.mp4 */,
				FE0CBCC62B602C3F005AA891 /* zebra.mp4 */,
			);
			path = Video;
			sourceTree = "<group>";
		};
		FE0CBCD22B602C67005AA891 /* Data */ = {
			isa = PBXGroup;
			children = (
				FE0CBCD62B602C79005AA891 /* animals.json */,
				FE0CBCD42B602C79005AA891 /* covers.json */,
				FE0CBCD32B602C79005AA891 /* locations.json */,
				FE0CBCD52B602C79005AA891 /* videos.json */,
			);
			path = Data;
			sourceTree = "<group>";
		};
		FE0CBCDC2B602E0A005AA891 /* App */ = {
			isa = PBXGroup;
			children = (
				FE0CBCAF2B602A51005AA891 /* AfricaApp.swift */,
				FE0CBCB12B602A51005AA891 /* ContentView.swift */,
				FE0CBCDF2B602E73005AA891 /* VideoListView.swift */,
				FE0CBCE12B602E90005AA891 /* MapView.swift */,
				FE0CBCE32B602EA0005AA891 /* GalleryView.swift */,
				FE0CBCE52B602EA9005AA891 /* MainView.swift */,
			);
			path = App;
			sourceTree = "<group>";
		};
/* End PBXGroup section */

/* Begin PBXNativeTarget section */
		FE0CBCAB2B602A51005AA891 /* Africa */ = {
			isa = PBXNativeTarget;
			buildConfigurationList = FE0CBCBA2B602A53005AA891 /* Build configuration list for PBXNativeTarget "Africa" */;
			buildPhases = (
				FE0CBCA82B602A51005AA891 /* Sources */,
				FE0CBCA92B602A51005AA891 /* Frameworks */,
				FE0CBCAA2B602A51005AA891 /* Resources */,
			);
			buildRules = (
			);
			dependencies = (
			);
			name = Africa;
			productName = Africa;
			productReference = FE0CBCAC2B602A51005AA891 /* Africa.app */;
			productType = "com.apple.product-type.application";
		};
/* End PBXNativeTarget section */

/* Begin PBXProject section */
		FE0CBCA42B602A51005AA891 /* Project object */ = {
			isa = PBXProject;
			attributes = {
				BuildIndependentTargetsInParallel = 1;
				LastSwiftUpdateCheck = 1520;
				LastUpgradeCheck = 1520;
				TargetAttributes = {
					FE0CBCAB2B602A51005AA891 = {
						CreatedOnToolsVersion = 15.2;
					};
				};
			};
			buildConfigurationList = FE0CBCA72B602A51005AA891 /* Build configuration list for PBXProject "Africa" */;
			compatibilityVersion = "Xcode 14.0";
			developmentRegion = en;
			hasScannedForEncodings = 0;
			knownRegions = (
				en,
				Base,
			);
			mainGroup = FE0CBCA32B602A51005AA891;
			productRefGroup = FE0CBCAD2B602A51005AA891 /* Products */;
			projectDirPath = "";
			projectRoot = "";
			targets = (
				FE0CBCAB2B602A51005AA891 /* Africa */,
			);
		};
/* End PBXProject section */

/* Begin PBXResourcesBuildPhase section */
		FE0CBCAA2B602A51005AA891 /* Resources */ = {
			isa = PBXResourcesBuildPhase;
			buildActionMask = 2147483647;
			files = (
				FE0CBCD72B602C79005AA891 /* locations.json in Resources */,
				FE0CBCCD2B602C3F005AA891 /* rhino.mp4 in Resources */,
				FE0CBCD92B602C79005AA891 /* videos.json in Resources */,
				FE0CBCC92B602C3F005AA891 /* hippo.mp4 in Resources */,
				FE0CBCCF2B602C3F005AA891 /* gorilla.mp4 in Resources */,
				FE0CBCCB2B602C3F005AA891 /* lion.mp4 in Resources */,
				FE0CBCB72B602A53005AA891 /* Preview Assets.xcassets in Resources */,
				FE0CBCB42B602A53005AA891 /* Assets.xcassets in Resources */,
				FE0CBCD82B602C79005AA891 /* covers.json in Resources */,
				FE0CBCDA2B602C79005AA891 /* animals.json in Resources */,
				FE0CBCD12B602C3F005AA891 /* ostrich.mp4 in Resources */,
				FE0CBCD02B602C3F005AA891 /* zebra.mp4 in Resources */,
				FE0CBCC82B602C3F005AA891 /* elephant.mp4 in Resources */,
				FE0CBCCC2B602C3F005AA891 /* lioness.mp4 in Resources */,
				FE0CBCCA2B602C3F005AA891 /* giraffe.mp4 in Resources */,
				FE0CBCCE2B602C3F005AA891 /* cheetah.mp4 in Resources */,
			);
			runOnlyForDeploymentPostprocessing = 0;
		};
/* End PBXResourcesBuildPhase section */

/* Begin PBXSourcesBuildPhase section */
		FE0CBCA82B602A51005AA891 /* Sources */ = {
			isa = PBXSourcesBuildPhase;
			buildActionMask = 2147483647;
			files = (
				FE0CBCB22B602A51005AA891 /* ContentView.swift in Sources */,
				FE0CBCE62B602EA9005AA891 /* MainView.swift in Sources */,
				FE0CBCE22B602E90005AA891 /* MapView.swift in Sources */,
				FE0CBCB02B602A51005AA891 /* AfricaApp.swift in Sources */,
				FE0CBCE02B602E73005AA891 /* VideoListView.swift in Sources */,
				FE0CBCE42B602EA0005AA891 /* GalleryView.swift in Sources */,
			);
			runOnlyForDeploymentPostprocessing = 0;
		};
/* End PBXSourcesBuildPhase section */

/* Begin XCBuildConfiguration section */
		FE0CBCB82B602A53005AA891 /* Debug */ = {
			isa = XCBuildConfiguration;
			buildSettings = {
				ALWAYS_SEARCH_USER_PATHS = NO;
				ASSETCATALOG_COMPILER_GENERATE_SWIFT_ASSET_SYMBOL_EXTENSIONS = YES;
				CLANG_ANALYZER_NONNULL = YES;
				CLANG_ANALYZER_NUMBER_OBJECT_CONVERSION = YES_AGGRESSIVE;
				CLANG_CXX_LANGUAGE_STANDARD = "gnu++20";
				CLANG_ENABLE_MODULES = YES;
				CLANG_ENABLE_OBJC_ARC = YES;
				CLANG_ENABLE_OBJC_WEAK = YES;
				CLANG_WARN_BLOCK_CAPTURE_AUTORELEASING = YES;
				CLANG_WARN_BOOL_CONVERSION = YES;
				CLANG_WARN_COMMA = YES;
				CLANG_WARN_CONSTANT_CONVERSION = YES;
				CLANG_WARN_DEPRECATED_OBJC_IMPLEMENTATIONS = YES;
				CLANG_WARN_DIRECT_OBJC_ISA_USAGE = YES_ERROR;
				CLANG_WARN_DOCUMENTATION_COMMENTS = YES;
				CLANG_WARN_EMPTY_BODY = YES;
				CLANG_WARN_ENUM_CONVERSION = YES;
				CLANG_WARN_INFINITE_RECURSION = YES;
				CLANG_WARN_INT_CONVERSION = YES;
				CLANG_WARN_NON_LITERAL_NULL_CONVERSION = YES;
				CLANG_WARN_OBJC_IMPLICIT_RETAIN_SELF = YES;
				CLANG_WARN_OBJC_LITERAL_CONVERSION = YES;
				CLANG_WARN_OBJC_ROOT_CLASS = YES_ERROR;
				CLANG_WARN_QUOTED_INCLUDE_IN_FRAMEWORK_HEADER = YES;
				CLANG_WARN_RANGE_LOOP_ANALYSIS = YES;
				CLANG_WARN_STRICT_PROTOTYPES = YES;
				CLANG_WARN_SUSPICIOUS_MOVE = YES;
				CLANG_WARN_UNGUARDED_AVAILABILITY = YES_AGGRESSIVE;
				CLANG_WARN_UNREACHABLE_CODE = YES;
				CLANG_WARN__DUPLICATE_METHOD_MATCH = YES;
				COPY_PHASE_STRIP = NO;
				DEBUG_INFORMATION_FORMAT = dwarf;
				ENABLE_STRICT_OBJC_MSGSEND = YES;
				ENABLE_TESTABILITY = YES;
				ENABLE_USER_SCRIPT_SANDBOXING = YES;
				GCC_C_LANGUAGE_STANDARD = gnu17;
				GCC_DYNAMIC_NO_PIC = NO;
				GCC_NO_COMMON_BLOCKS = YES;
				GCC_OPTIMIZATION_LEVEL = 0;
				GCC_PREPROCESSOR_DEFINITIONS = (
					"DEBUG=1",
					"$(inherited)",
				);
				GCC_WARN_64_TO_32_BIT_CONVERSION = YES;
				GCC_WARN_ABOUT_RETURN_TYPE = YES_ERROR;
				GCC_WARN_UNDECLARED_SELECTOR = YES;
				GCC_WARN_UNINITIALIZED_AUTOS = YES_AGGRESSIVE;
				GCC_WARN_UNUSED_FUNCTION = YES;
				GCC_WARN_UNUSED_VARIABLE = YES;
				IPHONEOS_DEPLOYMENT_TARGET = 17.2;
				LOCALIZATION_PREFERS_STRING_CATALOGS = YES;
				MTL_ENABLE_DEBUG_INFO = INCLUDE_SOURCE;
				MTL_FAST_MATH = YES;
				ONLY_ACTIVE_ARCH = YES;
				SDKROOT = iphoneos;
				SWIFT_ACTIVE_COMPILATION_CONDITIONS = "DEBUG $(inherited)";
				SWIFT_OPTIMIZATION_LEVEL = "-Onone";
			};
			name = Debug;
		};
		FE0CBCB92B602A53005AA891 /* Release */ = {
			isa = XCBuildConfiguration;
			buildSettings = {
				ALWAYS_SEARCH_USER_PATHS = NO;
				ASSETCATALOG_COMPILER_GENERATE_SWIFT_ASSET_SYMBOL_EXTENSIONS = YES;
				CLANG_ANALYZER_NONNULL = YES;
				CLANG_ANALYZER_NUMBER_OBJECT_CONVERSION = YES_AGGRESSIVE;
				CLANG_CXX_LANGUAGE_STANDARD = "gnu++20";
				CLANG_ENABLE_MODULES = YES;
				CLANG_ENABLE_OBJC_ARC = YES;
				CLANG_ENABLE_OBJC_WEAK = YES;
				CLANG_WARN_BLOCK_CAPTURE_AUTORELEASING = YES;
				CLANG_WARN_BOOL_CONVERSION = YES;
				CLANG_WARN_COMMA = YES;
				CLANG_WARN_CONSTANT_CONVERSION = YES;
				CLANG_WARN_DEPRECATED_OBJC_IMPLEMENTATIONS = YES;
				CLANG_WARN_DIRECT_OBJC_ISA_USAGE = YES_ERROR;
				CLANG_WARN_DOCUMENTATION_COMMENTS = YES;
				CLANG_WARN_EMPTY_BODY = YES;
				CLANG_WARN_ENUM_CONVERSION = YES;
				CLANG_WARN_INFINITE_RECURSION = YES;
				CLANG_WARN_INT_CONVERSION = YES;
				CLANG_WARN_NON_LITERAL_NULL_CONVERSION = YES;
				CLANG_WARN_OBJC_IMPLICIT_RETAIN_SELF = YES;
				CLANG_WARN_OBJC_LITERAL_CONVERSION = YES;
				CLANG_WARN_OBJC_ROOT_CLASS = YES_ERROR;
				CLANG_WARN_QUOTED_INCLUDE_IN_FRAMEWORK_HEADER = YES;
				CLANG_WARN_RANGE_LOOP_ANALYSIS = YES;
				CLANG_WARN_STRICT_PROTOTYPES = YES;
				CLANG_WARN_SUSPICIOUS_MOVE = YES;
				CLANG_WARN_UNGUARDED_AVAILABILITY = YES_AGGRESSIVE;
				CLANG_WARN_UNREACHABLE_CODE = YES;
				CLANG_WARN__DUPLICATE_METHOD_MATCH = YES;
				COPY_PHASE_STRIP = NO;
				DEBUG_INFORMATION_FORMAT = "dwarf-with-dsym";
				ENABLE_NS_ASSERTIONS = NO;
				ENABLE_STRICT_OBJC_MSGSEND = YES;
				ENABLE_USER_SCRIPT_SANDBOXING = YES;
				GCC_C_LANGUAGE_STANDARD = gnu17;
				GCC_NO_COMMON_BLOCKS = YES;
				GCC_WARN_64_TO_32_BIT_CONVERSION = YES;
				GCC_WARN_ABOUT_RETURN_TYPE = YES_ERROR;
				GCC_WARN_UNDECLARED_SELECTOR = YES;
				GCC_WARN_UNINITIALIZED_AUTOS = YES_AGGRESSIVE;
				GCC_WARN_UNUSED_FUNCTION = YES;
				GCC_WARN_UNUSED_VARIABLE = YES;
				IPHONEOS_DEPLOYMENT_TARGET = 17.2;
				LOCALIZATION_PREFERS_STRING_CATALOGS = YES;
				MTL_ENABLE_DEBUG_INFO = NO;
				MTL_FAST_MATH = YES;
				SDKROOT = iphoneos;
				SWIFT_COMPILATION_MODE = wholemodule;
				VALIDATE_PRODUCT = YES;
			};
			name = Release;
		};
		FE0CBCBB2B602A53005AA891 /* Debug */ = {
			isa = XCBuildConfiguration;
			buildSettings = {
				ASSETCATALOG_COMPILER_APPICON_NAME = AppIcon;
				ASSETCATALOG_COMPILER_GLOBAL_ACCENT_COLOR_NAME = AccentColor;
				CODE_SIGN_STYLE = Automatic;
				CURRENT_PROJECT_VERSION = 1;
				DEVELOPMENT_ASSET_PATHS = "\"Africa/Preview Content\"";
				DEVELOPMENT_TEAM = 37PRX9JUAR;
				ENABLE_PREVIEWS = YES;
				GENERATE_INFOPLIST_FILE = YES;
				INFOPLIST_FILE = Africa/Info.plist;
				INFOPLIST_KEY_UIApplicationSceneManifest_Generation = YES;
				INFOPLIST_KEY_UIApplicationSupportsIndirectInputEvents = YES;
				INFOPLIST_KEY_UISupportedInterfaceOrientations_iPad = "UIInterfaceOrientationPortrait UIInterfaceOrientationPortraitUpsideDown UIInterfaceOrientationLandscapeLeft UIInterfaceOrientationLandscapeRight";
				INFOPLIST_KEY_UISupportedInterfaceOrientations_iPhone = "UIInterfaceOrientationPortrait UIInterfaceOrientationLandscapeLeft UIInterfaceOrientationLandscapeRight";
				INFOPLIST_KEY_UIUserInterfaceStyle = Dark;
				LD_RUNPATH_SEARCH_PATHS = (
					"$(inherited)",
					"@executable_path/Frameworks",
				);
				MARKETING_VERSION = 1.0;
				PRODUCT_BUNDLE_IDENTIFIER = com.study.Africa;
				PRODUCT_NAME = "$(TARGET_NAME)";
				SWIFT_EMIT_LOC_STRINGS = YES;
				SWIFT_VERSION = 5.0;
				TARGETED_DEVICE_FAMILY = "1,2";
			};
			name = Debug;
		};
		FE0CBCBC2B602A53005AA891 /* Release */ = {
			isa = XCBuildConfiguration;
			buildSettings = {
				ASSETCATALOG_COMPILER_APPICON_NAME = AppIcon;
				ASSETCATALOG_COMPILER_GLOBAL_ACCENT_COLOR_NAME = AccentColor;
				CODE_SIGN_STYLE = Automatic;
				CURRENT_PROJECT_VERSION = 1;
				DEVELOPMENT_ASSET_PATHS = "\"Africa/Preview Content\"";
				DEVELOPMENT_TEAM = 37PRX9JUAR;
				ENABLE_PREVIEWS = YES;
				GENERATE_INFOPLIST_FILE = YES;
				INFOPLIST_FILE = Africa/Info.plist;
				INFOPLIST_KEY_UIApplicationSceneManifest_Generation = YES;
				INFOPLIST_KEY_UIApplicationSupportsIndirectInputEvents = YES;
				INFOPLIST_KEY_UISupportedInterfaceOrientations_iPad = "UIInterfaceOrientationPortrait UIInterfaceOrientationPortraitUpsideDown UIInterfaceOrientationLandscapeLeft UIInterfaceOrientationLandscapeRight";
				INFOPLIST_KEY_UISupportedInterfaceOrientations_iPhone = "UIInterfaceOrientationPortrait UIInterfaceOrientationLandscapeLeft UIInterfaceOrientationLandscapeRight";
				INFOPLIST_KEY_UIUserInterfaceStyle = Dark;
				LD_RUNPATH_SEARCH_PATHS = (
					"$(inherited)",
					"@executable_path/Frameworks",
				);
				MARKETING_VERSION = 1.0;
				PRODUCT_BUNDLE_IDENTIFIER = com.study.Africa;
				PRODUCT_NAME = "$(TARGET_NAME)";
				SWIFT_EMIT_LOC_STRINGS = YES;
				SWIFT_VERSION = 5.0;
				TARGETED_DEVICE_FAMILY = "1,2";
			};
			name = Release;
		};
/* End XCBuildConfiguration section */

/* Begin XCConfigurationList section */
		FE0CBCA72B602A51005AA891 /* Build configuration list for PBXProject "Africa" */ = {
			isa = XCConfigurationList;
			buildConfigurations = (
				FE0CBCB82B602A53005AA891 /* Debug */,
				FE0CBCB92B602A53005AA891 /* Release */,
			);
			defaultConfigurationIsVisible = 0;
			defaultConfigurationName = Release;
		};
		FE0CBCBA2B602A53005AA891 /* Build configuration list for PBXNativeTarget "Africa" */ = {
			isa = XCConfigurationList;
			buildConfigurations = (
				FE0CBCBB2B602A53005AA891 /* Debug */,
				FE0CBCBC2B602A53005AA891 /* Release */,
			);
			defaultConfigurationIsVisible = 0;
			defaultConfigurationName = Release;
		};
/* End XCConfigurationList section */
	};
	rootObject = FE0CBCA42B602A51005AA891 /* Project object */;
}
